// !$*UTF8*$!
{
	archiveVersion = 1;
	classes = {
	};
	objectVersion = 56;
	objects = {

/* Begin PBXBuildFile section */
		8616A0802975B3750003EF4E /* HomeVC.swift in Sources */ = {isa = PBXBuildFile; fileRef = 8616A07F2975B3750003EF4E /* HomeVC.swift */; };
		8616EB912979672D00770824 /* SearchCell.swift in Sources */ = {isa = PBXBuildFile; fileRef = 8616EB8F2979672D00770824 /* SearchCell.swift */; };
		8616EB922979672D00770824 /* SearchCell.xib in Resources */ = {isa = PBXBuildFile; fileRef = 8616EB902979672D00770824 /* SearchCell.xib */; };
		8616EB952979865600770824 /* FlightData.xcdatamodeld in Sources */ = {isa = PBXBuildFile; fileRef = 8616EB932979865600770824 /* FlightData.xcdatamodeld */; };
		8616EB9829798C1000770824 /* BookmarkCell.swift in Sources */ = {isa = PBXBuildFile; fileRef = 8616EB9629798C1000770824 /* BookmarkCell.swift */; };
		8616EB9929798C1000770824 /* BookmarkCell.xib in Resources */ = {isa = PBXBuildFile; fileRef = 8616EB9729798C1000770824 /* BookmarkCell.xib */; };
		8620AEA6297AB91B00BCE95A /* HomeCell.swift in Sources */ = {isa = PBXBuildFile; fileRef = 8620AEA4297AB91B00BCE95A /* HomeCell.swift */; };
		8620AEA7297AB91B00BCE95A /* HomeCell.xib in Resources */ = {isa = PBXBuildFile; fileRef = 8620AEA5297AB91B00BCE95A /* HomeCell.xib */; };
		8620AEAB297AC57300BCE95A /* HotelVC.swift in Sources */ = {isa = PBXBuildFile; fileRef = 8620AEAA297AC57300BCE95A /* HotelVC.swift */; };
		8620AEAE297AC72600BCE95A /* HotelCell.swift in Sources */ = {isa = PBXBuildFile; fileRef = 8620AEAC297AC72600BCE95A /* HotelCell.swift */; };
		8620AEAF297AC72600BCE95A /* HotelCell.xib in Resources */ = {isa = PBXBuildFile; fileRef = 8620AEAD297AC72600BCE95A /* HotelCell.xib */; };
		8620AEB1297ACE3300BCE95A /* HotelModel.swift in Sources */ = {isa = PBXBuildFile; fileRef = 8620AEB0297ACE3300BCE95A /* HotelModel.swift */; };
		8668D63B298173C70074356D /* FlightHotelViewModel.swift in Sources */ = {isa = PBXBuildFile; fileRef = 8668D63A298173C70074356D /* FlightHotelViewModel.swift */; };
		867B94982975BAC600A9640C /* SearchVC.swift in Sources */ = {isa = PBXBuildFile; fileRef = 867B94972975BAC600A9640C /* SearchVC.swift */; };
		867B949D2975BC6600A9640C /* BookmarkVC.swift in Sources */ = {isa = PBXBuildFile; fileRef = 867B949C2975BC6600A9640C /* BookmarkVC.swift */; };
		86AC3AAF2975958800FAE930 /* AppDelegate.swift in Sources */ = {isa = PBXBuildFile; fileRef = 86AC3AAE2975958800FAE930 /* AppDelegate.swift */; };
		86AC3AB12975958800FAE930 /* SceneDelegate.swift in Sources */ = {isa = PBXBuildFile; fileRef = 86AC3AB02975958800FAE930 /* SceneDelegate.swift */; };
		86AC3AB62975958800FAE930 /* Main.storyboard in Resources */ = {isa = PBXBuildFile; fileRef = 86AC3AB42975958800FAE930 /* Main.storyboard */; };
		86AC3ABB2975958900FAE930 /* Assets.xcassets in Resources */ = {isa = PBXBuildFile; fileRef = 86AC3ABA2975958900FAE930 /* Assets.xcassets */; };
		86AC3ABE2975958900FAE930 /* LaunchScreen.storyboard in Resources */ = {isa = PBXBuildFile; fileRef = 86AC3ABC2975958900FAE930 /* LaunchScreen.storyboard */; };
		86C2B5532976D1A200CA3AE5 /* Environment.swift in Sources */ = {isa = PBXBuildFile; fileRef = 86C2B5522976D1A200CA3AE5 /* Environment.swift */; };
		86C2B5552976D4D900CA3AE5 /* FlightModel.swift in Sources */ = {isa = PBXBuildFile; fileRef = 86C2B5542976D4D900CA3AE5 /* FlightModel.swift */; };
		86C2B5572976D75D00CA3AE5 /* FlightNetworkManager.swift in Sources */ = {isa = PBXBuildFile; fileRef = 86C2B5562976D75C00CA3AE5 /* FlightNetworkManager.swift */; };
		86C2B5592976D7D200CA3AE5 /* Formatter.swift in Sources */ = {isa = PBXBuildFile; fileRef = 86C2B5582976D7D200CA3AE5 /* Formatter.swift */; };
		86CE7B6A29792B5E0003AE81 /* DetailVC.swift in Sources */ = {isa = PBXBuildFile; fileRef = 86CE7B6929792B5E0003AE81 /* DetailVC.swift */; };
		86FAABCD2977D2D50050CF61 /* HotelNetworkManager.swift in Sources */ = {isa = PBXBuildFile; fileRef = 86FAABCC2977D2D50050CF61 /* HotelNetworkManager.swift */; };
		86FAABD12977FD870050CF61 /* FlightVC.swift in Sources */ = {isa = PBXBuildFile; fileRef = 86FAABD02977FD870050CF61 /* FlightVC.swift */; };
		86FAABD42977FFFD0050CF61 /* FlightCell.swift in Sources */ = {isa = PBXBuildFile; fileRef = 86FAABD22977FFFC0050CF61 /* FlightCell.swift */; };
		86FAABD52977FFFD0050CF61 /* FlightCell.xib in Resources */ = {isa = PBXBuildFile; fileRef = 86FAABD32977FFFD0050CF61 /* FlightCell.xib */; };
		86FE90ED297EA6E700DB84FF /* FlightHotelVC.swift in Sources */ = {isa = PBXBuildFile; fileRef = 86FE90EC297EA6E700DB84FF /* FlightHotelVC.swift */; };
		C9C7951186FC7E17AD849B66 /* Pods_TravelApp.framework in Frameworks */ = {isa = PBXBuildFile; fileRef = EB5CCD718460425AEB1ACB73 /* Pods_TravelApp.framework */; };
/* End PBXBuildFile section */

/* Begin PBXFileReference section */
		00990A82BC9865A02E43EAD5 /* Pods-TravelApp.release.xcconfig */ = {isa = PBXFileReference; includeInIndex = 1; lastKnownFileType = text.xcconfig; name = "Pods-TravelApp.release.xcconfig"; path = "Target Support Files/Pods-TravelApp/Pods-TravelApp.release.xcconfig"; sourceTree = "<group>"; };
		8616A07F2975B3750003EF4E /* HomeVC.swift */ = {isa = PBXFileReference; lastKnownFileType = sourcecode.swift; path = HomeVC.swift; sourceTree = "<group>"; };
		8616EB8F2979672D00770824 /* SearchCell.swift */ = {isa = PBXFileReference; lastKnownFileType = sourcecode.swift; path = SearchCell.swift; sourceTree = "<group>"; };
		8616EB902979672D00770824 /* SearchCell.xib */ = {isa = PBXFileReference; lastKnownFileType = file.xib; path = SearchCell.xib; sourceTree = "<group>"; };
		8616EB942979865600770824 /* FlightData.xcdatamodel */ = {isa = PBXFileReference; lastKnownFileType = wrapper.xcdatamodel; path = FlightData.xcdatamodel; sourceTree = "<group>"; };
		8616EB9629798C1000770824 /* BookmarkCell.swift */ = {isa = PBXFileReference; lastKnownFileType = sourcecode.swift; path = BookmarkCell.swift; sourceTree = "<group>"; };
		8616EB9729798C1000770824 /* BookmarkCell.xib */ = {isa = PBXFileReference; lastKnownFileType = file.xib; path = BookmarkCell.xib; sourceTree = "<group>"; };
		8620AEA4297AB91B00BCE95A /* HomeCell.swift */ = {isa = PBXFileReference; lastKnownFileType = sourcecode.swift; path = HomeCell.swift; sourceTree = "<group>"; };
		8620AEA5297AB91B00BCE95A /* HomeCell.xib */ = {isa = PBXFileReference; lastKnownFileType = file.xib; path = HomeCell.xib; sourceTree = "<group>"; };
		8620AEAA297AC57300BCE95A /* HotelVC.swift */ = {isa = PBXFileReference; lastKnownFileType = sourcecode.swift; path = HotelVC.swift; sourceTree = "<group>"; };
		8620AEAC297AC72600BCE95A /* HotelCell.swift */ = {isa = PBXFileReference; lastKnownFileType = sourcecode.swift; path = HotelCell.swift; sourceTree = "<group>"; };
		8620AEAD297AC72600BCE95A /* HotelCell.xib */ = {isa = PBXFileReference; lastKnownFileType = file.xib; path = HotelCell.xib; sourceTree = "<group>"; };
		8620AEB0297ACE3300BCE95A /* HotelModel.swift */ = {isa = PBXFileReference; lastKnownFileType = sourcecode.swift; path = HotelModel.swift; sourceTree = "<group>"; };
		8668D63A298173C70074356D /* FlightHotelViewModel.swift */ = {isa = PBXFileReference; lastKnownFileType = sourcecode.swift; path = FlightHotelViewModel.swift; sourceTree = "<group>"; };
		867B94972975BAC600A9640C /* SearchVC.swift */ = {isa = PBXFileReference; lastKnownFileType = sourcecode.swift; path = SearchVC.swift; sourceTree = "<group>"; };
		867B949C2975BC6600A9640C /* BookmarkVC.swift */ = {isa = PBXFileReference; lastKnownFileType = sourcecode.swift; path = BookmarkVC.swift; sourceTree = "<group>"; };
		86AC3AAB2975958800FAE930 /* TravelApp.app */ = {isa = PBXFileReference; explicitFileType = wrapper.application; includeInIndex = 0; path = TravelApp.app; sourceTree = BUILT_PRODUCTS_DIR; };
		86AC3AAE2975958800FAE930 /* AppDelegate.swift */ = {isa = PBXFileReference; lastKnownFileType = sourcecode.swift; path = AppDelegate.swift; sourceTree = "<group>"; };
		86AC3AB02975958800FAE930 /* SceneDelegate.swift */ = {isa = PBXFileReference; lastKnownFileType = sourcecode.swift; path = SceneDelegate.swift; sourceTree = "<group>"; };
		86AC3AB52975958800FAE930 /* Base */ = {isa = PBXFileReference; lastKnownFileType = file.storyboard; name = Base; path = Base.lproj/Main.storyboard; sourceTree = "<group>"; };
		86AC3ABA2975958900FAE930 /* Assets.xcassets */ = {isa = PBXFileReference; lastKnownFileType = folder.assetcatalog; path = Assets.xcassets; sourceTree = "<group>"; };
		86AC3ABD2975958900FAE930 /* Base */ = {isa = PBXFileReference; lastKnownFileType = file.storyboard; name = Base; path = Base.lproj/LaunchScreen.storyboard; sourceTree = "<group>"; };
		86AC3ABF2975958900FAE930 /* Info.plist */ = {isa = PBXFileReference; lastKnownFileType = text.plist.xml; path = Info.plist; sourceTree = "<group>"; };
		86C2B5522976D1A200CA3AE5 /* Environment.swift */ = {isa = PBXFileReference; lastKnownFileType = sourcecode.swift; path = Environment.swift; sourceTree = "<group>"; };
		86C2B5542976D4D900CA3AE5 /* FlightModel.swift */ = {isa = PBXFileReference; lastKnownFileType = sourcecode.swift; path = FlightModel.swift; sourceTree = "<group>"; };
		86C2B5562976D75C00CA3AE5 /* FlightNetworkManager.swift */ = {isa = PBXFileReference; lastKnownFileType = sourcecode.swift; path = FlightNetworkManager.swift; sourceTree = "<group>"; };
		86C2B5582976D7D200CA3AE5 /* Formatter.swift */ = {isa = PBXFileReference; lastKnownFileType = sourcecode.swift; path = Formatter.swift; sourceTree = "<group>"; };
		86CE7B6929792B5E0003AE81 /* DetailVC.swift */ = {isa = PBXFileReference; lastKnownFileType = sourcecode.swift; path = DetailVC.swift; sourceTree = "<group>"; };
		86FAABCC2977D2D50050CF61 /* HotelNetworkManager.swift */ = {isa = PBXFileReference; lastKnownFileType = sourcecode.swift; path = HotelNetworkManager.swift; sourceTree = "<group>"; };
		86FAABD02977FD870050CF61 /* FlightVC.swift */ = {isa = PBXFileReference; lastKnownFileType = sourcecode.swift; path = FlightVC.swift; sourceTree = "<group>"; };
		86FAABD22977FFFC0050CF61 /* FlightCell.swift */ = {isa = PBXFileReference; lastKnownFileType = sourcecode.swift; path = FlightCell.swift; sourceTree = "<group>"; };
		86FAABD32977FFFD0050CF61 /* FlightCell.xib */ = {isa = PBXFileReference; lastKnownFileType = file.xib; path = FlightCell.xib; sourceTree = "<group>"; };
		86FE90EC297EA6E700DB84FF /* FlightHotelVC.swift */ = {isa = PBXFileReference; lastKnownFileType = sourcecode.swift; path = FlightHotelVC.swift; sourceTree = "<group>"; };
		A70C9D21E0EAA51838B9743D /* Pods-TravelApp.debug.xcconfig */ = {isa = PBXFileReference; includeInIndex = 1; lastKnownFileType = text.xcconfig; name = "Pods-TravelApp.debug.xcconfig"; path = "Target Support Files/Pods-TravelApp/Pods-TravelApp.debug.xcconfig"; sourceTree = "<group>"; };
		EB5CCD718460425AEB1ACB73 /* Pods_TravelApp.framework */ = {isa = PBXFileReference; explicitFileType = wrapper.framework; includeInIndex = 0; path = Pods_TravelApp.framework; sourceTree = BUILT_PRODUCTS_DIR; };
/* End PBXFileReference section */

/* Begin PBXFrameworksBuildPhase section */
		86AC3AA82975958800FAE930 /* Frameworks */ = {
			isa = PBXFrameworksBuildPhase;
			buildActionMask = 2147483647;
			files = (
				C9C7951186FC7E17AD849B66 /* Pods_TravelApp.framework in Frameworks */,
			);
			runOnlyForDeploymentPostprocessing = 0;
		};
/* End PBXFrameworksBuildPhase section */

/* Begin PBXGroup section */
		4F50BD28337E54268054AC3E /* Frameworks */ = {
			isa = PBXGroup;
			children = (
				EB5CCD718460425AEB1ACB73 /* Pods_TravelApp.framework */,
			);
			name = Frameworks;
			sourceTree = "<group>";
		};
		8616A07B2975B3240003EF4E /* Supporting Files */ = {
			isa = PBXGroup;
			children = (
				86AC3ABC2975958900FAE930 /* LaunchScreen.storyboard */,
			);
			path = "Supporting Files";
			sourceTree = "<group>";
		};
		8616A07C2975B32D0003EF4E /* View */ = {
			isa = PBXGroup;
			children = (
				8616A07F2975B3750003EF4E /* HomeVC.swift */,
				8620AEA4297AB91B00BCE95A /* HomeCell.swift */,
				8620AEA5297AB91B00BCE95A /* HomeCell.xib */,
			);
			path = View;
			sourceTree = "<group>";
		};
		8616A07D2975B34A0003EF4E /* Home */ = {
			isa = PBXGroup;
			children = (
				8616A07E2975B3530003EF4E /* ViewModel */,
				8616A07C2975B32D0003EF4E /* View */,
			);
			path = Home;
			sourceTree = "<group>";
		};
		8616A07E2975B3530003EF4E /* ViewModel */ = {
			isa = PBXGroup;
			children = (
			);
			path = ViewModel;
			sourceTree = "<group>";
		};
		8620AEA8297AC55600BCE95A /* HotelFlight */ = {
			isa = PBXGroup;
			children = (
				8668D639298173B70074356D /* ViewModel */,
				8620AEA9297AC55F00BCE95A /* View */,
			);
			path = HotelFlight;
			sourceTree = "<group>";
		};
		8620AEA9297AC55F00BCE95A /* View */ = {
			isa = PBXGroup;
			children = (
				8620AEAA297AC57300BCE95A /* HotelVC.swift */,
				8620AEAC297AC72600BCE95A /* HotelCell.swift */,
				8620AEAD297AC72600BCE95A /* HotelCell.xib */,
				86FE90EC297EA6E700DB84FF /* FlightHotelVC.swift */,
			);
			path = View;
			sourceTree = "<group>";
		};
		8668D639298173B70074356D /* ViewModel */ = {
			isa = PBXGroup;
			children = (
				8668D63A298173C70074356D /* FlightHotelViewModel.swift */,
			);
			path = ViewModel;
			sourceTree = "<group>";
		};
		867B94932975B75F00A9640C /* Core */ = {
			isa = PBXGroup;
			children = (
				8620AEA8297AC55600BCE95A /* HotelFlight */,
				86CE7B6729792B460003AE81 /* Detail */,
				86FAABCE2977FD6D0050CF61 /* Flight */,
				867B94992975BC4300A9640C /* Bookmark */,
				867B94942975BA6300A9640C /* Search */,
				8616A07D2975B34A0003EF4E /* Home */,
			);
			path = Core;
			sourceTree = "<group>";
		};
		867B94942975BA6300A9640C /* Search */ = {
			isa = PBXGroup;
			children = (
				867B94962975BA7500A9640C /* ViewModel */,
				867B94952975BA6C00A9640C /* View */,
			);
			path = Search;
			sourceTree = "<group>";
		};
		867B94952975BA6C00A9640C /* View */ = {
			isa = PBXGroup;
			children = (
				867B94972975BAC600A9640C /* SearchVC.swift */,
				8616EB8F2979672D00770824 /* SearchCell.swift */,
				8616EB902979672D00770824 /* SearchCell.xib */,
			);
			path = View;
			sourceTree = "<group>";
		};
		867B94962975BA7500A9640C /* ViewModel */ = {
			isa = PBXGroup;
			children = (
			);
			path = ViewModel;
			sourceTree = "<group>";
		};
		867B94992975BC4300A9640C /* Bookmark */ = {
			isa = PBXGroup;
			children = (
				867B949B2975BC5200A9640C /* ViewModel */,
				867B949A2975BC4A00A9640C /* View */,
			);
			path = Bookmark;
			sourceTree = "<group>";
		};
		867B949A2975BC4A00A9640C /* View */ = {
			isa = PBXGroup;
			children = (
				867B949C2975BC6600A9640C /* BookmarkVC.swift */,
				8616EB9629798C1000770824 /* BookmarkCell.swift */,
				8616EB9729798C1000770824 /* BookmarkCell.xib */,
			);
			name = View;
			path = "Vİew";
			sourceTree = "<group>";
		};
		867B949B2975BC5200A9640C /* ViewModel */ = {
			isa = PBXGroup;
			children = (
			);
			path = ViewModel;
			sourceTree = "<group>";
		};
		867B949E2975C00400A9640C /* Model */ = {
			isa = PBXGroup;
			children = (
				86C2B5542976D4D900CA3AE5 /* FlightModel.swift */,
				8616EB932979865600770824 /* FlightData.xcdatamodeld */,
				8620AEB0297ACE3300BCE95A /* HotelModel.swift */,
			);
			path = Model;
			sourceTree = "<group>";
		};
		867B949F2975C00C00A9640C /* NetworkService */ = {
			isa = PBXGroup;
			children = (
				86C2B5562976D75C00CA3AE5 /* FlightNetworkManager.swift */,
				86FAABCC2977D2D50050CF61 /* HotelNetworkManager.swift */,
			);
			path = NetworkService;
			sourceTree = "<group>";
		};
		86AC3AA22975958800FAE930 = {
			isa = PBXGroup;
			children = (
				86AC3AAD2975958800FAE930 /* TravelApp */,
				86AC3AAC2975958800FAE930 /* Products */,
				8725DCE5ED305FD0F7A21AF2 /* Pods */,
				4F50BD28337E54268054AC3E /* Frameworks */,
			);
			sourceTree = "<group>";
		};
		86AC3AAC2975958800FAE930 /* Products */ = {
			isa = PBXGroup;
			children = (
				86AC3AAB2975958800FAE930 /* TravelApp.app */,
			);
			name = Products;
			sourceTree = "<group>";
		};
		86AC3AAD2975958800FAE930 /* TravelApp */ = {
			isa = PBXGroup;
			children = (
				86AC3ABA2975958900FAE930 /* Assets.xcassets */,
				86AC3AAE2975958800FAE930 /* AppDelegate.swift */,
				86AC3AB02975958800FAE930 /* SceneDelegate.swift */,
				86C2B54929767E1300CA3AE5 /* Utilities */,
				867B949F2975C00C00A9640C /* NetworkService */,
				867B949E2975C00400A9640C /* Model */,
				867B94932975B75F00A9640C /* Core */,
				86AC3AB42975958800FAE930 /* Main.storyboard */,
				8616A07B2975B3240003EF4E /* Supporting Files */,
				86AC3ABF2975958900FAE930 /* Info.plist */,
			);
			path = TravelApp;
			sourceTree = "<group>";
		};
		86C2B54929767E1300CA3AE5 /* Utilities */ = {
			isa = PBXGroup;
			children = (
				86C2B5522976D1A200CA3AE5 /* Environment.swift */,
				86C2B5582976D7D200CA3AE5 /* Formatter.swift */,
			);
			path = Utilities;
			sourceTree = "<group>";
		};
		86CE7B6729792B460003AE81 /* Detail */ = {
			isa = PBXGroup;
			children = (
				86CE7B6829792B4B0003AE81 /* View */,
			);
			path = Detail;
			sourceTree = "<group>";
		};
		86CE7B6829792B4B0003AE81 /* View */ = {
			isa = PBXGroup;
			children = (
				86CE7B6929792B5E0003AE81 /* DetailVC.swift */,
			);
			path = View;
			sourceTree = "<group>";
		};
		86FAABCE2977FD6D0050CF61 /* Flight */ = {
			isa = PBXGroup;
			children = (
				86FAABCF2977FD730050CF61 /* View */,
			);
			path = Flight;
			sourceTree = "<group>";
		};
		86FAABCF2977FD730050CF61 /* View */ = {
			isa = PBXGroup;
			children = (
				86FAABD02977FD870050CF61 /* FlightVC.swift */,
				86FAABD22977FFFC0050CF61 /* FlightCell.swift */,
				86FAABD32977FFFD0050CF61 /* FlightCell.xib */,
			);
			path = View;
			sourceTree = "<group>";
		};
		8725DCE5ED305FD0F7A21AF2 /* Pods */ = {
			isa = PBXGroup;
			children = (
				A70C9D21E0EAA51838B9743D /* Pods-TravelApp.debug.xcconfig */,
				00990A82BC9865A02E43EAD5 /* Pods-TravelApp.release.xcconfig */,
			);
			path = Pods;
			sourceTree = "<group>";
		};
/* End PBXGroup section */

/* Begin PBXNativeTarget section */
		86AC3AAA2975958800FAE930 /* TravelApp */ = {
			isa = PBXNativeTarget;
			buildConfigurationList = 86AC3AC22975958900FAE930 /* Build configuration list for PBXNativeTarget "TravelApp" */;
			buildPhases = (
				3D998EDC45769744F3F483C1 /* [CP] Check Pods Manifest.lock */,
				86AC3AA72975958800FAE930 /* Sources */,
				86AC3AA82975958800FAE930 /* Frameworks */,
				86AC3AA92975958800FAE930 /* Resources */,
				14823879EC99381A3EA46FAB /* [CP] Embed Pods Frameworks */,
			);
			buildRules = (
			);
			dependencies = (
			);
			name = TravelApp;
			productName = TravelApp;
			productReference = 86AC3AAB2975958800FAE930 /* TravelApp.app */;
			productType = "com.apple.product-type.application";
		};
/* End PBXNativeTarget section */

/* Begin PBXProject section */
		86AC3AA32975958800FAE930 /* Project object */ = {
			isa = PBXProject;
			attributes = {
				BuildIndependentTargetsInParallel = 1;
				LastSwiftUpdateCheck = 1410;
				LastUpgradeCheck = 1410;
				TargetAttributes = {
					86AC3AAA2975958800FAE930 = {
						CreatedOnToolsVersion = 14.1;
					};
				};
			};
			buildConfigurationList = 86AC3AA62975958800FAE930 /* Build configuration list for PBXProject "TravelApp" */;
			compatibilityVersion = "Xcode 14.0";
			developmentRegion = en;
			hasScannedForEncodings = 0;
			knownRegions = (
				en,
				Base,
			);
			mainGroup = 86AC3AA22975958800FAE930;
			productRefGroup = 86AC3AAC2975958800FAE930 /* Products */;
			projectDirPath = "";
			projectRoot = "";
			targets = (
				86AC3AAA2975958800FAE930 /* TravelApp */,
			);
		};
/* End PBXProject section */

/* Begin PBXResourcesBuildPhase section */
		86AC3AA92975958800FAE930 /* Resources */ = {
			isa = PBXResourcesBuildPhase;
			buildActionMask = 2147483647;
			files = (
				8620AEA7297AB91B00BCE95A /* HomeCell.xib in Resources */,
				8616EB922979672D00770824 /* SearchCell.xib in Resources */,
				8620AEAF297AC72600BCE95A /* HotelCell.xib in Resources */,
				86AC3ABE2975958900FAE930 /* LaunchScreen.storyboard in Resources */,
				86FAABD52977FFFD0050CF61 /* FlightCell.xib in Resources */,
				8616EB9929798C1000770824 /* BookmarkCell.xib in Resources */,
				86AC3ABB2975958900FAE930 /* Assets.xcassets in Resources */,
				86AC3AB62975958800FAE930 /* Main.storyboard in Resources */,
			);
			runOnlyForDeploymentPostprocessing = 0;
		};
/* End PBXResourcesBuildPhase section */

/* Begin PBXShellScriptBuildPhase section */
		14823879EC99381A3EA46FAB /* [CP] Embed Pods Frameworks */ = {
			isa = PBXShellScriptBuildPhase;
			buildActionMask = 2147483647;
			files = (
			);
			inputFileListPaths = (
				"${PODS_ROOT}/Target Support Files/Pods-TravelApp/Pods-TravelApp-frameworks-${CONFIGURATION}-input-files.xcfilelist",
			);
			name = "[CP] Embed Pods Frameworks";
			outputFileListPaths = (
				"${PODS_ROOT}/Target Support Files/Pods-TravelApp/Pods-TravelApp-frameworks-${CONFIGURATION}-output-files.xcfilelist",
			);
			runOnlyForDeploymentPostprocessing = 0;
			shellPath = /bin/sh;
			shellScript = "\"${PODS_ROOT}/Target Support Files/Pods-TravelApp/Pods-TravelApp-frameworks.sh\"\n";
			showEnvVarsInLog = 0;
		};
		3D998EDC45769744F3F483C1 /* [CP] Check Pods Manifest.lock */ = {
			isa = PBXShellScriptBuildPhase;
			buildActionMask = 2147483647;
			files = (
			);
			inputFileListPaths = (
			);
			inputPaths = (
				"${PODS_PODFILE_DIR_PATH}/Podfile.lock",
				"${PODS_ROOT}/Manifest.lock",
			);
			name = "[CP] Check Pods Manifest.lock";
			outputFileListPaths = (
			);
			outputPaths = (
				"$(DERIVED_FILE_DIR)/Pods-TravelApp-checkManifestLockResult.txt",
			);
			runOnlyForDeploymentPostprocessing = 0;
			shellPath = /bin/sh;
			shellScript = "diff \"${PODS_PODFILE_DIR_PATH}/Podfile.lock\" \"${PODS_ROOT}/Manifest.lock\" > /dev/null\nif [ $? != 0 ] ; then\n    # print error to STDERR\n    echo \"error: The sandbox is not in sync with the Podfile.lock. Run 'pod install' or update your CocoaPods installation.\" >&2\n    exit 1\nfi\n# This output is used by Xcode 'outputs' to avoid re-running this script phase.\necho \"SUCCESS\" > \"${SCRIPT_OUTPUT_FILE_0}\"\n";
			showEnvVarsInLog = 0;
		};
/* End PBXShellScriptBuildPhase section */

/* Begin PBXSourcesBuildPhase section */
		86AC3AA72975958800FAE930 /* Sources */ = {
			isa = PBXSourcesBuildPhase;
			buildActionMask = 2147483647;
			files = (
				8620AEB1297ACE3300BCE95A /* HotelModel.swift in Sources */,
				8668D63B298173C70074356D /* FlightHotelViewModel.swift in Sources */,
				8616EB912979672D00770824 /* SearchCell.swift in Sources */,
				867B94982975BAC600A9640C /* SearchVC.swift in Sources */,
				86C2B5592976D7D200CA3AE5 /* Formatter.swift in Sources */,
				8616EB9829798C1000770824 /* BookmarkCell.swift in Sources */,
				867B949D2975BC6600A9640C /* BookmarkVC.swift in Sources */,
				8620AEAB297AC57300BCE95A /* HotelVC.swift in Sources */,
				86FAABD42977FFFD0050CF61 /* FlightCell.swift in Sources */,
				86C2B5552976D4D900CA3AE5 /* FlightModel.swift in Sources */,
				8616EB952979865600770824 /* FlightData.xcdatamodeld in Sources */,
				8616A0802975B3750003EF4E /* HomeVC.swift in Sources */,
				86AC3AAF2975958800FAE930 /* AppDelegate.swift in Sources */,
				86FAABCD2977D2D50050CF61 /* HotelNetworkManager.swift in Sources */,
				86FAABD12977FD870050CF61 /* FlightVC.swift in Sources */,
				86C2B5572976D75D00CA3AE5 /* FlightNetworkManager.swift in Sources */,
				8620AEA6297AB91B00BCE95A /* HomeCell.swift in Sources */,
				86FE90ED297EA6E700DB84FF /* FlightHotelVC.swift in Sources */,
				86AC3AB12975958800FAE930 /* SceneDelegate.swift in Sources */,
				86C2B5532976D1A200CA3AE5 /* Environment.swift in Sources */,
				8620AEAE297AC72600BCE95A /* HotelCell.swift in Sources */,
				86CE7B6A29792B5E0003AE81 /* DetailVC.swift in Sources */,
			);
			runOnlyForDeploymentPostprocessing = 0;
		};
/* End PBXSourcesBuildPhase section */

/* Begin PBXVariantGroup section */
		86AC3AB42975958800FAE930 /* Main.storyboard */ = {
			isa = PBXVariantGroup;
			children = (
				86AC3AB52975958800FAE930 /* Base */,
			);
			name = Main.storyboard;
			sourceTree = "<group>";
		};
		86AC3ABC2975958900FAE930 /* LaunchScreen.storyboard */ = {
			isa = PBXVariantGroup;
			children = (
				86AC3ABD2975958900FAE930 /* Base */,
			);
			name = LaunchScreen.storyboard;
			sourceTree = "<group>";
		};
/* End PBXVariantGroup section */

/* Begin XCBuildConfiguration section */
		86AC3AC02975958900FAE930 /* Debug */ = {
			isa = XCBuildConfiguration;
			buildSettings = {
				ALWAYS_SEARCH_USER_PATHS = NO;
				CLANG_ANALYZER_NONNULL = YES;
				CLANG_ANALYZER_NUMBER_OBJECT_CONVERSION = YES_AGGRESSIVE;
				CLANG_CXX_LANGUAGE_STANDARD = "gnu++20";
				CLANG_ENABLE_MODULES = YES;
				CLANG_ENABLE_OBJC_ARC = YES;
				CLANG_ENABLE_OBJC_WEAK = YES;
				CLANG_WARN_BLOCK_CAPTURE_AUTORELEASING = YES;
				CLANG_WARN_BOOL_CONVERSION = YES;
				CLANG_WARN_COMMA = YES;
				CLANG_WARN_CONSTANT_CONVERSION = YES;
				CLANG_WARN_DEPRECATED_OBJC_IMPLEMENTATIONS = YES;
				CLANG_WARN_DIRECT_OBJC_ISA_USAGE = YES_ERROR;
				CLANG_WARN_DOCUMENTATION_COMMENTS = YES;
				CLANG_WARN_EMPTY_BODY = YES;
				CLANG_WARN_ENUM_CONVERSION = YES;
				CLANG_WARN_INFINITE_RECURSION = YES;
				CLANG_WARN_INT_CONVERSION = YES;
				CLANG_WARN_NON_LITERAL_NULL_CONVERSION = YES;
				CLANG_WARN_OBJC_IMPLICIT_RETAIN_SELF = YES;
				CLANG_WARN_OBJC_LITERAL_CONVERSION = YES;
				CLANG_WARN_OBJC_ROOT_CLASS = YES_ERROR;
				CLANG_WARN_QUOTED_INCLUDE_IN_FRAMEWORK_HEADER = YES;
				CLANG_WARN_RANGE_LOOP_ANALYSIS = YES;
				CLANG_WARN_STRICT_PROTOTYPES = YES;
				CLANG_WARN_SUSPICIOUS_MOVE = YES;
				CLANG_WARN_UNGUARDED_AVAILABILITY = YES_AGGRESSIVE;
				CLANG_WARN_UNREACHABLE_CODE = YES;
				CLANG_WARN__DUPLICATE_METHOD_MATCH = YES;
				COPY_PHASE_STRIP = NO;
				DEBUG_INFORMATION_FORMAT = dwarf;
				ENABLE_STRICT_OBJC_MSGSEND = YES;
				ENABLE_TESTABILITY = YES;
				GCC_C_LANGUAGE_STANDARD = gnu11;
				GCC_DYNAMIC_NO_PIC = NO;
				GCC_NO_COMMON_BLOCKS = YES;
				GCC_OPTIMIZATION_LEVEL = 0;
				GCC_PREPROCESSOR_DEFINITIONS = (
					"DEBUG=1",
					"$(inherited)",
				);
				GCC_WARN_64_TO_32_BIT_CONVERSION = YES;
				GCC_WARN_ABOUT_RETURN_TYPE = YES_ERROR;
				GCC_WARN_UNDECLARED_SELECTOR = YES;
				GCC_WARN_UNINITIALIZED_AUTOS = YES_AGGRESSIVE;
				GCC_WARN_UNUSED_FUNCTION = YES;
				GCC_WARN_UNUSED_VARIABLE = YES;
				IPHONEOS_DEPLOYMENT_TARGET = 16.1;
				MTL_ENABLE_DEBUG_INFO = INCLUDE_SOURCE;
				MTL_FAST_MATH = YES;
				ONLY_ACTIVE_ARCH = YES;
				SDKROOT = iphoneos;
				SWIFT_ACTIVE_COMPILATION_CONDITIONS = DEBUG;
				SWIFT_OPTIMIZATION_LEVEL = "-Onone";
			};
			name = Debug;
		};
		86AC3AC12975958900FAE930 /* Release */ = {
			isa = XCBuildConfiguration;
			buildSettings = {
				ALWAYS_SEARCH_USER_PATHS = NO;
				CLANG_ANALYZER_NONNULL = YES;
				CLANG_ANALYZER_NUMBER_OBJECT_CONVERSION = YES_AGGRESSIVE;
				CLANG_CXX_LANGUAGE_STANDARD = "gnu++20";
				CLANG_ENABLE_MODULES = YES;
				CLANG_ENABLE_OBJC_ARC = YES;
				CLANG_ENABLE_OBJC_WEAK = YES;
				CLANG_WARN_BLOCK_CAPTURE_AUTORELEASING = YES;
				CLANG_WARN_BOOL_CONVERSION = YES;
				CLANG_WARN_COMMA = YES;
				CLANG_WARN_CONSTANT_CONVERSION = YES;
				CLANG_WARN_DEPRECATED_OBJC_IMPLEMENTATIONS = YES;
				CLANG_WARN_DIRECT_OBJC_ISA_USAGE = YES_ERROR;
				CLANG_WARN_DOCUMENTATION_COMMENTS = YES;
				CLANG_WARN_EMPTY_BODY = YES;
				CLANG_WARN_ENUM_CONVERSION = YES;
				CLANG_WARN_INFINITE_RECURSION = YES;
				CLANG_WARN_INT_CONVERSION = YES;
				CLANG_WARN_NON_LITERAL_NULL_CONVERSION = YES;
				CLANG_WARN_OBJC_IMPLICIT_RETAIN_SELF = YES;
				CLANG_WARN_OBJC_LITERAL_CONVERSION = YES;
				CLANG_WARN_OBJC_ROOT_CLASS = YES_ERROR;
				CLANG_WARN_QUOTED_INCLUDE_IN_FRAMEWORK_HEADER = YES;
				CLANG_WARN_RANGE_LOOP_ANALYSIS = YES;
				CLANG_WARN_STRICT_PROTOTYPES = YES;
				CLANG_WARN_SUSPICIOUS_MOVE = YES;
				CLANG_WARN_UNGUARDED_AVAILABILITY = YES_AGGRESSIVE;
				CLANG_WARN_UNREACHABLE_CODE = YES;
				CLANG_WARN__DUPLICATE_METHOD_MATCH = YES;
				COPY_PHASE_STRIP = NO;
				DEBUG_INFORMATION_FORMAT = "dwarf-with-dsym";
				ENABLE_NS_ASSERTIONS = NO;
				ENABLE_STRICT_OBJC_MSGSEND = YES;
				GCC_C_LANGUAGE_STANDARD = gnu11;
				GCC_NO_COMMON_BLOCKS = YES;
				GCC_WARN_64_TO_32_BIT_CONVERSION = YES;
				GCC_WARN_ABOUT_RETURN_TYPE = YES_ERROR;
				GCC_WARN_UNDECLARED_SELECTOR = YES;
				GCC_WARN_UNINITIALIZED_AUTOS = YES_AGGRESSIVE;
				GCC_WARN_UNUSED_FUNCTION = YES;
				GCC_WARN_UNUSED_VARIABLE = YES;
				IPHONEOS_DEPLOYMENT_TARGET = 16.1;
				MTL_ENABLE_DEBUG_INFO = NO;
				MTL_FAST_MATH = YES;
				SDKROOT = iphoneos;
				SWIFT_COMPILATION_MODE = wholemodule;
				SWIFT_OPTIMIZATION_LEVEL = "-O";
				VALIDATE_PRODUCT = YES;
			};
			name = Release;
		};
		86AC3AC32975958900FAE930 /* Debug */ = {
			isa = XCBuildConfiguration;
			baseConfigurationReference = A70C9D21E0EAA51838B9743D /* Pods-TravelApp.debug.xcconfig */;
			buildSettings = {
				ASSETCATALOG_COMPILER_APPICON_NAME = AppIcon;
				ASSETCATALOG_COMPILER_GLOBAL_ACCENT_COLOR_NAME = AccentColor;
				CODE_SIGN_STYLE = Automatic;
				CURRENT_PROJECT_VERSION = 1;
				DEVELOPMENT_TEAM = DW4R8GHFA2;
				GENERATE_INFOPLIST_FILE = YES;
				INFOPLIST_FILE = TravelApp/Info.plist;
				INFOPLIST_KEY_UIApplicationSupportsIndirectInputEvents = YES;
				INFOPLIST_KEY_UILaunchStoryboardName = LaunchScreen;
				INFOPLIST_KEY_UIMainStoryboardFile = Main;
				INFOPLIST_KEY_UISupportedInterfaceOrientations_iPad = "UIInterfaceOrientationPortrait UIInterfaceOrientationPortraitUpsideDown UIInterfaceOrientationLandscapeLeft UIInterfaceOrientationLandscapeRight";
				INFOPLIST_KEY_UISupportedInterfaceOrientations_iPhone = "UIInterfaceOrientationPortrait UIInterfaceOrientationLandscapeLeft UIInterfaceOrientationLandscapeRight";
				LD_RUNPATH_SEARCH_PATHS = (
					"$(inherited)",
					"@executable_path/Frameworks",
				);
				MARKETING_VERSION = 1.0;
				PRODUCT_BUNDLE_IDENTIFIER = ilker.TravelApp;
				PRODUCT_NAME = "$(TARGET_NAME)";
				SWIFT_EMIT_LOC_STRINGS = YES;
				SWIFT_VERSION = 5.0;
				TARGETED_DEVICE_FAMILY = "1,2";
			};
			name = Debug;
		};
		86AC3AC42975958900FAE930 /* Release */ = {
			isa = XCBuildConfiguration;
			baseConfigurationReference = 00990A82BC9865A02E43EAD5 /* Pods-TravelApp.release.xcconfig */;
			buildSettings = {
				ASSETCATALOG_COMPILER_APPICON_NAME = AppIcon;
				ASSETCATALOG_COMPILER_GLOBAL_ACCENT_COLOR_NAME = AccentColor;
				CODE_SIGN_STYLE = Automatic;
				CURRENT_PROJECT_VERSION = 1;
				DEVELOPMENT_TEAM = DW4R8GHFA2;
				GENERATE_INFOPLIST_FILE = YES;
				INFOPLIST_FILE = TravelApp/Info.plist;
				INFOPLIST_KEY_UIApplicationSupportsIndirectInputEvents = YES;
				INFOPLIST_KEY_UILaunchStoryboardName = LaunchScreen;
				INFOPLIST_KEY_UIMainStoryboardFile = Main;
				INFOPLIST_KEY_UISupportedInterfaceOrientations_iPad = "UIInterfaceOrientationPortrait UIInterfaceOrientationPortraitUpsideDown UIInterfaceOrientationLandscapeLeft UIInterfaceOrientationLandscapeRight";
				INFOPLIST_KEY_UISupportedInterfaceOrientations_iPhone = "UIInterfaceOrientationPortrait UIInterfaceOrientationLandscapeLeft UIInterfaceOrientationLandscapeRight";
				LD_RUNPATH_SEARCH_PATHS = (
					"$(inherited)",
					"@executable_path/Frameworks",
				);
				MARKETING_VERSION = 1.0;
				PRODUCT_BUNDLE_IDENTIFIER = ilker.TravelApp;
				PRODUCT_NAME = "$(TARGET_NAME)";
				SWIFT_EMIT_LOC_STRINGS = YES;
				SWIFT_VERSION = 5.0;
				TARGETED_DEVICE_FAMILY = "1,2";
			};
			name = Release;
		};
/* End XCBuildConfiguration section */

/* Begin XCConfigurationList section */
		86AC3AA62975958800FAE930 /* Build configuration list for PBXProject "TravelApp" */ = {
			isa = XCConfigurationList;
			buildConfigurations = (
				86AC3AC02975958900FAE930 /* Debug */,
				86AC3AC12975958900FAE930 /* Release */,
			);
			defaultConfigurationIsVisible = 0;
			defaultConfigurationName = Release;
		};
		86AC3AC22975958900FAE930 /* Build configuration list for PBXNativeTarget "TravelApp" */ = {
			isa = XCConfigurationList;
			buildConfigurations = (
				86AC3AC32975958900FAE930 /* Debug */,
				86AC3AC42975958900FAE930 /* Release */,
			);
			defaultConfigurationIsVisible = 0;
			defaultConfigurationName = Release;
		};
/* End XCConfigurationList section */

/* Begin XCVersionGroup section */
		8616EB932979865600770824 /* FlightData.xcdatamodeld */ = {
			isa = XCVersionGroup;
			children = (
				8616EB942979865600770824 /* FlightData.xcdatamodel */,
			);
			currentVersion = 8616EB942979865600770824 /* FlightData.xcdatamodel */;
			path = FlightData.xcdatamodeld;
			sourceTree = "<group>";
			versionGroupType = wrapper.xcdatamodel;
		};
/* End XCVersionGroup section */
	};
	rootObject = 86AC3AA32975958800FAE930 /* Project object */;
}
